{
  "version": 4,
  "terraform_version": "0.14.3",
  "serial": 27,
  "lineage": "73d47df6-4927-5e81-bc87-1b27f9227c50",
  "outputs": {},
  "resources": [
    {
      "module": "module.compute",
      "mode": "managed",
      "type": "google_compute_firewall",
      "name": "prefect_server_firewall",
      "provider": "provider[\"registry.terraform.io/hashicorp/google\"]",
      "instances": [
        {
          "schema_version": 1,
          "attributes": {
            "allow": [
              {
                "ports": [
                  "4200"
                ],
                "protocol": "tcp"
              },
              {
                "ports": [
                  "4200"
                ],
                "protocol": "udp"
              },
              {
                "ports": [
                  "8080"
                ],
                "protocol": "tcp"
              },
              {
                "ports": [
                  "8080"
                ],
                "protocol": "udp"
              },
              {
                "ports": [],
                "protocol": "icmp"
              }
            ],
            "creation_timestamp": "2021-01-08T15:35:23.747-08:00",
            "deny": [],
            "description": "",
            "destination_ranges": [],
            "direction": "INGRESS",
            "disabled": false,
            "enable_logging": null,
            "id": "projects/prefect-server/global/firewalls/prefect-server-firewall",
            "log_config": [],
            "name": "prefect-server-firewall",
            "network": "https://www.googleapis.com/compute/v1/projects/prefect-server/global/networks/default",
            "priority": 1000,
            "project": "prefect-server",
            "self_link": "https://www.googleapis.com/compute/v1/projects/prefect-server/global/firewalls/prefect-server-firewall",
            "source_ranges": [
              "0.0.0.0/0"
            ],
            "source_service_accounts": null,
            "source_tags": null,
            "target_service_accounts": null,
            "target_tags": [
              "prefect-server"
            ],
            "timeouts": null
          },
          "sensitive_attributes": [],
          "private": "eyJlMmJmYjczMC1lY2FhLTExZTYtOGY4OC0zNDM2M2JjN2M0YzAiOnsiY3JlYXRlIjoyNDAwMDAwMDAwMDAsImRlbGV0ZSI6MjQwMDAwMDAwMDAwLCJ1cGRhdGUiOjI0MDAwMDAwMDAwMH0sInNjaGVtYV92ZXJzaW9uIjoiMSJ9"
        }
      ]
    },
    {
      "module": "module.compute",
      "mode": "managed",
      "type": "google_compute_instance",
      "name": "prefect_server",
      "provider": "provider[\"registry.terraform.io/hashicorp/google\"]",
      "instances": [
        {
          "schema_version": 6,
          "attributes": {
            "allow_stopping_for_update": null,
            "attached_disk": [],
            "boot_disk": [
              {
                "auto_delete": true,
                "device_name": "persistent-disk-0",
                "disk_encryption_key_raw": "",
                "disk_encryption_key_sha256": "",
                "initialize_params": [
                  {
                    "image": "https://www.googleapis.com/compute/v1/projects/ubuntu-os-cloud/global/images/ubuntu-1804-bionic-v20190403",
                    "labels": {},
                    "size": 10,
                    "type": "pd-standard"
                  }
                ],
                "kms_key_self_link": "",
                "mode": "READ_WRITE",
                "source": "https://www.googleapis.com/compute/v1/projects/prefect-server/zones/australia-southeast1-a/disks/prefect-server"
              }
            ],
            "can_ip_forward": false,
            "cpu_platform": "Intel Broadwell",
            "current_status": "RUNNING",
            "deletion_protection": false,
            "description": "",
            "desired_status": null,
            "enable_display": false,
            "guest_accelerator": [],
            "hostname": "",
            "id": "projects/prefect-server/zones/australia-southeast1-a/instances/prefect-server",
            "instance_id": "5803649649803088594",
            "label_fingerprint": "42WmSpB8rSM=",
            "labels": null,
            "machine_type": "f1-micro",
            "metadata": null,
            "metadata_fingerprint": "MD2uDH7rA6s=",
            "metadata_startup_script": "",
            "min_cpu_platform": "",
            "name": "prefect-server",
            "network_interface": [
              {
                "access_config": [
                  {
                    "nat_ip": "35.189.43.114",
                    "network_tier": "PREMIUM",
                    "public_ptr_domain_name": ""
                  }
                ],
                "alias_ip_range": [],
                "name": "nic0",
                "network": "https://www.googleapis.com/compute/v1/projects/prefect-server/global/networks/default",
                "network_ip": "10.152.0.8",
                "subnetwork": "https://www.googleapis.com/compute/v1/projects/prefect-server/regions/australia-southeast1/subnetworks/default",
                "subnetwork_project": "prefect-server"
              }
            ],
            "project": "prefect-server",
            "resource_policies": null,
            "scheduling": [
              {
                "automatic_restart": true,
                "node_affinities": [],
                "on_host_maintenance": "MIGRATE",
                "preemptible": false
              }
            ],
            "scratch_disk": [],
            "self_link": "https://www.googleapis.com/compute/v1/projects/prefect-server/zones/australia-southeast1-a/instances/prefect-server",
            "service_account": [],
            "shielded_instance_config": [],
            "tags": [
              "prefect-server"
            ],
            "tags_fingerprint": "Jdr997JRQzw=",
            "timeouts": null,
            "zone": "australia-southeast1-a"
          },
          "sensitive_attributes": [],
          "private": "eyJlMmJmYjczMC1lY2FhLTExZTYtOGY4OC0zNDM2M2JjN2M0YzAiOnsiY3JlYXRlIjoxMjAwMDAwMDAwMDAwLCJkZWxldGUiOjEyMDAwMDAwMDAwMDAsInVwZGF0ZSI6MTIwMDAwMDAwMDAwMH0sInNjaGVtYV92ZXJzaW9uIjoiNiJ9"
        }
      ]
    },
    {
      "module": "module.compute",
      "mode": "managed",
      "type": "google_compute_network",
      "name": "default",
      "provider": "provider[\"registry.terraform.io/hashicorp/google\"]",
      "instances": [
        {
          "schema_version": 0,
          "attributes": {
            "auto_create_subnetworks": true,
            "delete_default_routes_on_create": false,
            "description": "",
            "gateway_ipv4": "",
            "id": "projects/prefect-server/global/networks/test-network",
            "mtu": 0,
            "name": "test-network",
            "project": "prefect-server",
            "routing_mode": "REGIONAL",
            "self_link": "https://www.googleapis.com/compute/v1/projects/prefect-server/global/networks/test-network",
            "timeouts": null
          },
          "sensitive_attributes": [],
          "private": "eyJlMmJmYjczMC1lY2FhLTExZTYtOGY4OC0zNDM2M2JjN2M0YzAiOnsiY3JlYXRlIjoyNDAwMDAwMDAwMDAsImRlbGV0ZSI6MjQwMDAwMDAwMDAwLCJ1cGRhdGUiOjI0MDAwMDAwMDAwMH19"
        }
      ]
    }
  ]
}
